
Microsoft Visual Studio Solution File, Format Version 12.00
# Visual Studio Version 16
VisualStudioVersion = 16.0.29326.143
MinimumVisualStudioVersion = 10.0.40219.1
Project("{FAE04EC0-301F-11D3-BF4B-00C04F79EFBC}") = "STCP-API", "STCP-API\STCP-API.csproj", "{707C8005-1087-4960-81BD-A9FCFDBD588A}"
EndProject
Global
	GlobalSection(SolutionConfigurationPlatforms) = preSolution
		Debug|Any CPU = Debug|Any CPU
		Release|Any CPU = Release|Any CPU
	EndGlobalSection
	GlobalSection(ProjectConfigurationPlatforms) = postSolution
		{707C8005-1087-4960-81BD-A9FCFDBD588A}.Debug|Any CPU.ActiveCfg = Debug|Any CPU
		{707C8005-1087-4960-81BD-A9FCFDBD588A}.Debug|Any CPU.Build.0 = Debug|Any CPU
		{707C8005-1087-4960-81BD-A9FCFDBD588A}.Release|Any CPU.ActiveCfg = Release|Any CPU
		{707C8005-1087-4960-81BD-A9FCFDBD588A}.Release|Any CPU.Build.0 = Release|Any CPU
	EndGlobalSection
	GlobalSection(SolutionProperties) = preSolution
		HideSolutionNode = FALSE
	EndGlobalSection
	GlobalSection(ExtensibilityGlobals) = postSolution
		SolutionGuid = {6F903EA4-F64F-4B6A-8148-2EBE6838EB7C}
	EndGlobalSection
EndGlobal
